
Microsoft Visual Studio Solution File, Format Version 12.00
# Visual Studio Version 16
VisualStudioVersion = 16.0.30128.74
MinimumVisualStudioVersion = 10.0.40219.1
Project("{9A19103F-16F7-4668-BE54-9A1E7A4F7556}") = "CorTestnew", "CorTestnew\CorTestnew.csproj", "{3B3C5042-7978-4CA8-8EF5-E74CB8FDE8F2}"
EndProject
Project("{9A19103F-16F7-4668-BE54-9A1E7A4F7556}") = "Common", "Common\Common.csproj", "{1EFAC50E-CED6-40EE-A6C7-9EEB37EFA997}"
EndProject
Project("{9A19103F-16F7-4668-BE54-9A1E7A4F7556}") = "Data", "Data\Data.csproj", "{B01617F3-8BD5-4D04-A2CD-3303D2992937}"
EndProject
Project("{9A19103F-16F7-4668-BE54-9A1E7A4F7556}") = "Services", "Services\Services.csproj", "{3E9D8811-F665-4D2F-8182-640B586E6752}"
EndProject
Project("{9A19103F-16F7-4668-BE54-9A1E7A4F7556}") = "WebFramework", "WebFramework\WebFramework.csproj", "{81838D7D-EE04-4D13-86D9-51E1449BFFEE}"
EndProject
Project("{9A19103F-16F7-4668-BE54-9A1E7A4F7556}") = "Entities", "Entities\Entities.csproj", "{CB15F23C-E185-46B5-BC6D-957B335AE38E}"
EndProject
Project("{FAE04EC0-301F-11D3-BF4B-00C04F79EFBC}") = "api", "api\api.csproj", "{9A429AD0-41DF-4D64-AE74-10232BE5BB85}"
EndProject
Global
	GlobalSection(SolutionConfigurationPlatforms) = preSolution
		Debug|Any CPU = Debug|Any CPU
		Release|Any CPU = Release|Any CPU
	EndGlobalSection
	GlobalSection(ProjectConfigurationPlatforms) = postSolution
		{3B3C5042-7978-4CA8-8EF5-E74CB8FDE8F2}.Debug|Any CPU.ActiveCfg = Debug|Any CPU
		{3B3C5042-7978-4CA8-8EF5-E74CB8FDE8F2}.Debug|Any CPU.Build.0 = Debug|Any CPU
		{3B3C5042-7978-4CA8-8EF5-E74CB8FDE8F2}.Release|Any CPU.ActiveCfg = Release|Any CPU
		{3B3C5042-7978-4CA8-8EF5-E74CB8FDE8F2}.Release|Any CPU.Build.0 = Release|Any CPU
		{1EFAC50E-CED6-40EE-A6C7-9EEB37EFA997}.Debug|Any CPU.ActiveCfg = Debug|Any CPU
		{1EFAC50E-CED6-40EE-A6C7-9EEB37EFA997}.Debug|Any CPU.Build.0 = Debug|Any CPU
		{1EFAC50E-CED6-40EE-A6C7-9EEB37EFA997}.Release|Any CPU.ActiveCfg = Release|Any CPU
		{1EFAC50E-CED6-40EE-A6C7-9EEB37EFA997}.Release|Any CPU.Build.0 = Release|Any CPU
		{B01617F3-8BD5-4D04-A2CD-3303D2992937}.Debug|Any CPU.ActiveCfg = Debug|Any CPU
		{B01617F3-8BD5-4D04-A2CD-3303D2992937}.Debug|Any CPU.Build.0 = Debug|Any CPU
		{B01617F3-8BD5-4D04-A2CD-3303D2992937}.Release|Any CPU.ActiveCfg = Release|Any CPU
		{B01617F3-8BD5-4D04-A2CD-3303D2992937}.Release|Any CPU.Build.0 = Release|Any CPU
		{3E9D8811-F665-4D2F-8182-640B586E6752}.Debug|Any CPU.ActiveCfg = Debug|Any CPU
		{3E9D8811-F665-4D2F-8182-640B586E6752}.Debug|Any CPU.Build.0 = Debug|Any CPU
		{3E9D8811-F665-4D2F-8182-640B586E6752}.Release|Any CPU.ActiveCfg = Release|Any CPU
		{3E9D8811-F665-4D2F-8182-640B586E6752}.Release|Any CPU.Build.0 = Release|Any CPU
		{81838D7D-EE04-4D13-86D9-51E1449BFFEE}.Debug|Any CPU.ActiveCfg = Debug|Any CPU
		{81838D7D-EE04-4D13-86D9-51E1449BFFEE}.Debug|Any CPU.Build.0 = Debug|Any CPU
		{81838D7D-EE04-4D13-86D9-51E1449BFFEE}.Release|Any CPU.ActiveCfg = Release|Any CPU
		{81838D7D-EE04-4D13-86D9-51E1449BFFEE}.Release|Any CPU.Build.0 = Release|Any CPU
		{CB15F23C-E185-46B5-BC6D-957B335AE38E}.Debug|Any CPU.ActiveCfg = Debug|Any CPU
		{CB15F23C-E185-46B5-BC6D-957B335AE38E}.Debug|Any CPU.Build.0 = Debug|Any CPU
		{CB15F23C-E185-46B5-BC6D-957B335AE38E}.Release|Any CPU.ActiveCfg = Release|Any CPU
		{CB15F23C-E185-46B5-BC6D-957B335AE38E}.Release|Any CPU.Build.0 = Release|Any CPU
		{9A429AD0-41DF-4D64-AE74-10232BE5BB85}.Debug|Any CPU.ActiveCfg = Debug|Any CPU
		{9A429AD0-41DF-4D64-AE74-10232BE5BB85}.Debug|Any CPU.Build.0 = Debug|Any CPU
		{9A429AD0-41DF-4D64-AE74-10232BE5BB85}.Release|Any CPU.ActiveCfg = Release|Any CPU
		{9A429AD0-41DF-4D64-AE74-10232BE5BB85}.Release|Any CPU.Build.0 = Release|Any CPU
	EndGlobalSection
	GlobalSection(SolutionProperties) = preSolution
		HideSolutionNode = FALSE
	EndGlobalSection
	GlobalSection(ExtensibilityGlobals) = postSolution
		SolutionGuid = {B63F1BFE-BE2D-492F-B5BA-7DD76306685A}
	EndGlobalSection
EndGlobal
